
Microsoft Visual Studio Solution File, Format Version 12.00
# Visual Studio 2013
VisualStudioVersion = 12.0.40629.0
MinimumVisualStudioVersion = 10.0.40219.1
Project("{FAE04EC0-301F-11D3-BF4B-00C04F79EFBC}") = "MarsRover", "MarsRover\MarsRover.csproj", "{8B8A5096-A6E8-42C9-99E4-886330366CC4}"
EndProject
Project("{FAE04EC0-301F-11D3-BF4B-00C04F79EFBC}") = "MarsRoverTests", "MarsRoverTests\MarsRoverTests.csproj", "{8125D955-3F05-41B1-A73E-0C464003603D}"
EndProject
Project("{2150E333-8FDC-42A3-9474-1A3956D46DE8}") = ".nuget", ".nuget", "{40E1C72C-017F-4BA1-9135-4932520B0913}"
	ProjectSection(SolutionItems) = preProject
		.nuget\packages.config = .nuget\packages.config
	EndProjectSection
EndProject
Project("{FAE04EC0-301F-11D3-BF4B-00C04F79EFBC}") = "MarsRoverWPF", "MarsRoverWPF\MarsRoverWPF.csproj", "{71BE86C3-1200-464C-A146-12DF1FDC24FB}"
EndProject
Global
	GlobalSection(SubversionScc) = preSolution
		Svn-Managed = True
		Manager = AnkhSVN - Subversion Support for Visual Studio
	EndGlobalSection
	GlobalSection(SolutionConfigurationPlatforms) = preSolution
		Debug|Any CPU = Debug|Any CPU
		Release|Any CPU = Release|Any CPU
	EndGlobalSection
	GlobalSection(ProjectConfigurationPlatforms) = postSolution
		{8B8A5096-A6E8-42C9-99E4-886330366CC4}.Debug|Any CPU.ActiveCfg = Debug|Any CPU
		{8B8A5096-A6E8-42C9-99E4-886330366CC4}.Debug|Any CPU.Build.0 = Debug|Any CPU
		{8B8A5096-A6E8-42C9-99E4-886330366CC4}.Release|Any CPU.ActiveCfg = Release|Any CPU
		{8B8A5096-A6E8-42C9-99E4-886330366CC4}.Release|Any CPU.Build.0 = Release|Any CPU
		{8125D955-3F05-41B1-A73E-0C464003603D}.Debug|Any CPU.ActiveCfg = Debug|Any CPU
		{8125D955-3F05-41B1-A73E-0C464003603D}.Debug|Any CPU.Build.0 = Debug|Any CPU
		{8125D955-3F05-41B1-A73E-0C464003603D}.Release|Any CPU.ActiveCfg = Release|Any CPU
		{8125D955-3F05-41B1-A73E-0C464003603D}.Release|Any CPU.Build.0 = Release|Any CPU
		{71BE86C3-1200-464C-A146-12DF1FDC24FB}.Debug|Any CPU.ActiveCfg = Debug|Any CPU
		{71BE86C3-1200-464C-A146-12DF1FDC24FB}.Debug|Any CPU.Build.0 = Debug|Any CPU
		{71BE86C3-1200-464C-A146-12DF1FDC24FB}.Release|Any CPU.ActiveCfg = Release|Any CPU
		{71BE86C3-1200-464C-A146-12DF1FDC24FB}.Release|Any CPU.Build.0 = Release|Any CPU
	EndGlobalSection
	GlobalSection(SolutionProperties) = preSolution
		HideSolutionNode = FALSE
	EndGlobalSection
EndGlobal
